
Microsoft Visual Studio Solution File, Format Version 12.00
# Visual Studio Version 18
VisualStudioVersion = 18.0.11205.157
MinimumVisualStudioVersion = 10.0.40219.1
Project("{FAE04EC0-301F-11D3-BF4B-00C04F79EFBC}") = "WebApp", "WebApp\WebApp.csproj", "{E7EC146A-D51D-410F-A241-94E8C187D0A6}"
EndProject
Project("{2150E333-8FDC-42A3-9474-1A3956D46DE8}") = "Backend", "Backend", "{02EA681E-C7D8-13C7-8484-4AC65E1B71E8}"
EndProject
Project("{2150E333-8FDC-42A3-9474-1A3956D46DE8}") = "Frontend", "Frontend", "{940E39D4-1B67-42E7-A707-8F9654900210}"
EndProject
Project("{2150E333-8FDC-42A3-9474-1A3956D46DE8}") = "Domain", "Domain", "{E79A09B5-49CD-4D29-AC28-1695A739103A}"
EndProject
Project("{FAE04EC0-301F-11D3-BF4B-00C04F79EFBC}") = "Domain", "Shared\Domain.csproj", "{2B186D03-0E86-4081-AE85-8081AB688227}"
EndProject
Project("{2150E333-8FDC-42A3-9474-1A3956D46DE8}") = "Solution Items", "Solution Items", "{F10106F3-77CC-4226-844A-BF046F387187}"
	ProjectSection(SolutionItems) = preProject
		.gitattributes = .gitattributes
		.gitignore = .gitignore
	EndProjectSection
EndProject
Project("{FAE04EC0-301F-11D3-BF4B-00C04F79EFBC}") = "Data", "Data\Data.csproj", "{4B600B81-6639-4A08-BF55-92A7EE1402B4}"
EndProject
Project("{FAE04EC0-301F-11D3-BF4B-00C04F79EFBC}") = "Business", "Business\Business.csproj", "{3E56A7EC-3220-48EA-8A8B-BDD8490D1B15}"
EndProject
Project("{FAE04EC0-301F-11D3-BF4B-00C04F79EFBC}") = "Service", "Service\Service.csproj", "{1567F0B9-019C-4228-AAA0-B6DB6CF47107}"
EndProject
Project("{FAE04EC0-301F-11D3-BF4B-00C04F79EFBC}") = "WebApi", "WebApi\WebApi.csproj", "{56E4C9C2-C376-45FF-AE2F-AF85349207A3}"
EndProject
Project("{2150E333-8FDC-42A3-9474-1A3956D46DE8}") = "Database", "Database", "{70816EE0-B9E3-4F7F-A7C7-027C4F79C883}"
	ProjectSection(SolutionItems) = preProject
		DiaTics2025DB.sql = DiaTics2025DB.sql
	EndProjectSection
EndProject
Global
	GlobalSection(SolutionConfigurationPlatforms) = preSolution
		Debug|Any CPU = Debug|Any CPU
		Release|Any CPU = Release|Any CPU
	EndGlobalSection
	GlobalSection(ProjectConfigurationPlatforms) = postSolution
		{E7EC146A-D51D-410F-A241-94E8C187D0A6}.Debug|Any CPU.ActiveCfg = Debug|Any CPU
		{E7EC146A-D51D-410F-A241-94E8C187D0A6}.Debug|Any CPU.Build.0 = Debug|Any CPU
		{E7EC146A-D51D-410F-A241-94E8C187D0A6}.Release|Any CPU.ActiveCfg = Release|Any CPU
		{E7EC146A-D51D-410F-A241-94E8C187D0A6}.Release|Any CPU.Build.0 = Release|Any CPU
		{2B186D03-0E86-4081-AE85-8081AB688227}.Debug|Any CPU.ActiveCfg = Debug|Any CPU
		{2B186D03-0E86-4081-AE85-8081AB688227}.Debug|Any CPU.Build.0 = Debug|Any CPU
		{2B186D03-0E86-4081-AE85-8081AB688227}.Release|Any CPU.ActiveCfg = Release|Any CPU
		{2B186D03-0E86-4081-AE85-8081AB688227}.Release|Any CPU.Build.0 = Release|Any CPU
		{4B600B81-6639-4A08-BF55-92A7EE1402B4}.Debug|Any CPU.ActiveCfg = Debug|Any CPU
		{4B600B81-6639-4A08-BF55-92A7EE1402B4}.Debug|Any CPU.Build.0 = Debug|Any CPU
		{4B600B81-6639-4A08-BF55-92A7EE1402B4}.Release|Any CPU.ActiveCfg = Release|Any CPU
		{4B600B81-6639-4A08-BF55-92A7EE1402B4}.Release|Any CPU.Build.0 = Release|Any CPU
		{3E56A7EC-3220-48EA-8A8B-BDD8490D1B15}.Debug|Any CPU.ActiveCfg = Debug|Any CPU
		{3E56A7EC-3220-48EA-8A8B-BDD8490D1B15}.Debug|Any CPU.Build.0 = Debug|Any CPU
		{3E56A7EC-3220-48EA-8A8B-BDD8490D1B15}.Release|Any CPU.ActiveCfg = Release|Any CPU
		{3E56A7EC-3220-48EA-8A8B-BDD8490D1B15}.Release|Any CPU.Build.0 = Release|Any CPU
		{1567F0B9-019C-4228-AAA0-B6DB6CF47107}.Debug|Any CPU.ActiveCfg = Debug|Any CPU
		{1567F0B9-019C-4228-AAA0-B6DB6CF47107}.Debug|Any CPU.Build.0 = Debug|Any CPU
		{1567F0B9-019C-4228-AAA0-B6DB6CF47107}.Release|Any CPU.ActiveCfg = Release|Any CPU
		{1567F0B9-019C-4228-AAA0-B6DB6CF47107}.Release|Any CPU.Build.0 = Release|Any CPU
		{56E4C9C2-C376-45FF-AE2F-AF85349207A3}.Debug|Any CPU.ActiveCfg = Debug|Any CPU
		{56E4C9C2-C376-45FF-AE2F-AF85349207A3}.Debug|Any CPU.Build.0 = Debug|Any CPU
		{56E4C9C2-C376-45FF-AE2F-AF85349207A3}.Release|Any CPU.ActiveCfg = Release|Any CPU
		{56E4C9C2-C376-45FF-AE2F-AF85349207A3}.Release|Any CPU.Build.0 = Release|Any CPU
	EndGlobalSection
	GlobalSection(SolutionProperties) = preSolution
		HideSolutionNode = FALSE
	EndGlobalSection
	GlobalSection(NestedProjects) = preSolution
		{E7EC146A-D51D-410F-A241-94E8C187D0A6} = {940E39D4-1B67-42E7-A707-8F9654900210}
		{2B186D03-0E86-4081-AE85-8081AB688227} = {E79A09B5-49CD-4D29-AC28-1695A739103A}
		{4B600B81-6639-4A08-BF55-92A7EE1402B4} = {02EA681E-C7D8-13C7-8484-4AC65E1B71E8}
		{3E56A7EC-3220-48EA-8A8B-BDD8490D1B15} = {02EA681E-C7D8-13C7-8484-4AC65E1B71E8}
		{1567F0B9-019C-4228-AAA0-B6DB6CF47107} = {940E39D4-1B67-42E7-A707-8F9654900210}
		{56E4C9C2-C376-45FF-AE2F-AF85349207A3} = {02EA681E-C7D8-13C7-8484-4AC65E1B71E8}
		{70816EE0-B9E3-4F7F-A7C7-027C4F79C883} = {F10106F3-77CC-4226-844A-BF046F387187}
	EndGlobalSection
	GlobalSection(ExtensibilityGlobals) = postSolution
		SolutionGuid = {BA9892C2-B0BA-40B3-BD4C-BE983EE18C7F}
	EndGlobalSection
EndGlobal
